// !$*UTF8*$!
{
	archiveVersion = 1;
	classes = {
	};
	objectVersion = 46;
	objects = {

/* Begin PBXBuildFile section */
		3F1335221E7AEAE500748001 /* AppDelegate.swift in Sources */ = {isa = PBXBuildFile; fileRef = 3F1335211E7AEAE500748001 /* AppDelegate.swift */; };
		3F1335241E7AEAE500748001 /* GameScene.sks in Resources */ = {isa = PBXBuildFile; fileRef = 3F1335231E7AEAE500748001 /* GameScene.sks */; };
		3F1335261E7AEAE500748001 /* Actions.sks in Resources */ = {isa = PBXBuildFile; fileRef = 3F1335251E7AEAE500748001 /* Actions.sks */; };
		3F1335281E7AEAE500748001 /* GameScene.swift in Sources */ = {isa = PBXBuildFile; fileRef = 3F1335271E7AEAE500748001 /* GameScene.swift */; };
		3F13352A1E7AEAE500748001 /* GameViewController.swift in Sources */ = {isa = PBXBuildFile; fileRef = 3F1335291E7AEAE500748001 /* GameViewController.swift */; };
		3F13352D1E7AEAE500748001 /* Main.storyboard in Resources */ = {isa = PBXBuildFile; fileRef = 3F13352B1E7AEAE500748001 /* Main.storyboard */; };
		3F13352F1E7AEAE500748001 /* Assets.xcassets in Resources */ = {isa = PBXBuildFile; fileRef = 3F13352E1E7AEAE500748001 /* Assets.xcassets */; };
		3F1335321E7AEAE500748001 /* LaunchScreen.storyboard in Resources */ = {isa = PBXBuildFile; fileRef = 3F1335301E7AEAE500748001 /* LaunchScreen.storyboard */; };
		3F13353D1E7AEAE500748001 /* BreakoutProjectTests.swift in Sources */ = {isa = PBXBuildFile; fileRef = 3F13353C1E7AEAE500748001 /* BreakoutProjectTests.swift */; };
		3F1335481E7AEAE500748001 /* BreakoutProjectUITests.swift in Sources */ = {isa = PBXBuildFile; fileRef = 3F1335471E7AEAE500748001 /* BreakoutProjectUITests.swift */; };
/* End PBXBuildFile section */

/* Begin PBXContainerItemProxy section */
		3F1335391E7AEAE500748001 /* PBXContainerItemProxy */ = {
			isa = PBXContainerItemProxy;
			containerPortal = 3F1335161E7AEAE400748001 /* Project object */;
			proxyType = 1;
			remoteGlobalIDString = 3F13351D1E7AEAE400748001;
			remoteInfo = BreakoutProject;
		};
		3F1335441E7AEAE500748001 /* PBXContainerItemProxy */ = {
			isa = PBXContainerItemProxy;
			containerPortal = 3F1335161E7AEAE400748001 /* Project object */;
			proxyType = 1;
			remoteGlobalIDString = 3F13351D1E7AEAE400748001;
			remoteInfo = BreakoutProject;
		};
/* End PBXContainerItemProxy section */

/* Begin PBXFileReference section */
		3F13351E1E7AEAE400748001 /* BreakoutProject.app */ = {isa = PBXFileReference; explicitFileType = wrapper.application; includeInIndex = 0; path = BreakoutProject.app; sourceTree = BUILT_PRODUCTS_DIR; };
		3F1335211E7AEAE500748001 /* AppDelegate.swift */ = {isa = PBXFileReference; lastKnownFileType = sourcecode.swift; path = AppDelegate.swift; sourceTree = "<group>"; };
		3F1335231E7AEAE500748001 /* GameScene.sks */ = {isa = PBXFileReference; lastKnownFileType = file.sks; path = GameScene.sks; sourceTree = "<group>"; };
		3F1335251E7AEAE500748001 /* Actions.sks */ = {isa = PBXFileReference; lastKnownFileType = file.sks; path = Actions.sks; sourceTree = "<group>"; };
		3F1335271E7AEAE500748001 /* GameScene.swift */ = {isa = PBXFileReference; lastKnownFileType = sourcecode.swift; path = GameScene.swift; sourceTree = "<group>"; };
		3F1335291E7AEAE500748001 /* GameViewController.swift */ = {isa = PBXFileReference; lastKnownFileType = sourcecode.swift; path = GameViewController.swift; sourceTree = "<group>"; };
		3F13352C1E7AEAE500748001 /* Base */ = {isa = PBXFileReference; lastKnownFileType = file.storyboard; name = Base; path = Base.lproj/Main.storyboard; sourceTree = "<group>"; };
		3F13352E1E7AEAE500748001 /* Assets.xcassets */ = {isa = PBXFileReference; lastKnownFileType = folder.assetcatalog; path = Assets.xcassets; sourceTree = "<group>"; };
		3F1335311E7AEAE500748001 /* Base */ = {isa = PBXFileReference; lastKnownFileType = file.storyboard; name = Base; path = Base.lproj/LaunchScreen.storyboard; sourceTree = "<group>"; };
		3F1335331E7AEAE500748001 /* Info.plist */ = {isa = PBXFileReference; lastKnownFileType = text.plist.xml; path = Info.plist; sourceTree = "<group>"; };
		3F1335381E7AEAE500748001 /* BreakoutProjectTests.xctest */ = {isa = PBXFileReference; explicitFileType = wrapper.cfbundle; includeInIndex = 0; path = BreakoutProjectTests.xctest; sourceTree = BUILT_PRODUCTS_DIR; };
		3F13353C1E7AEAE500748001 /* BreakoutProjectTests.swift */ = {isa = PBXFileReference; lastKnownFileType = sourcecode.swift; path = BreakoutProjectTests.swift; sourceTree = "<group>"; };
		3F13353E1E7AEAE500748001 /* Info.plist */ = {isa = PBXFileReference; lastKnownFileType = text.plist.xml; path = Info.plist; sourceTree = "<group>"; };
		3F1335431E7AEAE500748001 /* BreakoutProjectUITests.xctest */ = {isa = PBXFileReference; explicitFileType = wrapper.cfbundle; includeInIndex = 0; path = BreakoutProjectUITests.xctest; sourceTree = BUILT_PRODUCTS_DIR; };
		3F1335471E7AEAE500748001 /* BreakoutProjectUITests.swift */ = {isa = PBXFileReference; lastKnownFileType = sourcecode.swift; path = BreakoutProjectUITests.swift; sourceTree = "<group>"; };
		3F1335491E7AEAE500748001 /* Info.plist */ = {isa = PBXFileReference; lastKnownFileType = text.plist.xml; path = Info.plist; sourceTree = "<group>"; };
/* End PBXFileReference section */

/* Begin PBXFrameworksBuildPhase section */
		3F13351B1E7AEAE400748001 /* Frameworks */ = {
			isa = PBXFrameworksBuildPhase;
			buildActionMask = 2147483647;
			files = (
			);
			runOnlyForDeploymentPostprocessing = 0;
		};
		3F1335351E7AEAE500748001 /* Frameworks */ = {
			isa = PBXFrameworksBuildPhase;
			buildActionMask = 2147483647;
			files = (
			);
			runOnlyForDeploymentPostprocessing = 0;
		};
		3F1335401E7AEAE500748001 /* Frameworks */ = {
			isa = PBXFrameworksBuildPhase;
			buildActionMask = 2147483647;
			files = (
			);
			runOnlyForDeploymentPostprocessing = 0;
		};
/* End PBXFrameworksBuildPhase section */

/* Begin PBXGroup section */
		3F1335151E7AEAE400748001 = {
			isa = PBXGroup;
			children = (
				3F1335201E7AEAE500748001 /* BreakoutProject */,
				3F13353B1E7AEAE500748001 /* BreakoutProjectTests */,
				3F1335461E7AEAE500748001 /* BreakoutProjectUITests */,
				3F13351F1E7AEAE500748001 /* Products */,
			);
			sourceTree = "<group>";
		};
		3F13351F1E7AEAE500748001 /* Products */ = {
			isa = PBXGroup;
			children = (
				3F13351E1E7AEAE400748001 /* BreakoutProject.app */,
				3F1335381E7AEAE500748001 /* BreakoutProjectTests.xctest */,
				3F1335431E7AEAE500748001 /* BreakoutProjectUITests.xctest */,
			);
			name = Products;
			sourceTree = "<group>";
		};
		3F1335201E7AEAE500748001 /* BreakoutProject */ = {
			isa = PBXGroup;
			children = (
				3F1335211E7AEAE500748001 /* AppDelegate.swift */,
				3F1335231E7AEAE500748001 /* GameScene.sks */,
				3F1335251E7AEAE500748001 /* Actions.sks */,
				3F1335271E7AEAE500748001 /* GameScene.swift */,
				3F1335291E7AEAE500748001 /* GameViewController.swift */,
				3F13352B1E7AEAE500748001 /* Main.storyboard */,
				3F13352E1E7AEAE500748001 /* Assets.xcassets */,
				3F1335301E7AEAE500748001 /* LaunchScreen.storyboard */,
				3F1335331E7AEAE500748001 /* Info.plist */,
			);
			path = BreakoutProject;
			sourceTree = "<group>";
		};
		3F13353B1E7AEAE500748001 /* BreakoutProjectTests */ = {
			isa = PBXGroup;
			children = (
				3F13353C1E7AEAE500748001 /* BreakoutProjectTests.swift */,
				3F13353E1E7AEAE500748001 /* Info.plist */,
			);
			path = BreakoutProjectTests;
			sourceTree = "<group>";
		};
		3F1335461E7AEAE500748001 /* BreakoutProjectUITests */ = {
			isa = PBXGroup;
			children = (
				3F1335471E7AEAE500748001 /* BreakoutProjectUITests.swift */,
				3F1335491E7AEAE500748001 /* Info.plist */,
			);
			path = BreakoutProjectUITests;
			sourceTree = "<group>";
		};
/* End PBXGroup section */

/* Begin PBXNativeTarget section */
		3F13351D1E7AEAE400748001 /* BreakoutProject */ = {
			isa = PBXNativeTarget;
			buildConfigurationList = 3F13354C1E7AEAE500748001 /* Build configuration list for PBXNativeTarget "BreakoutProject" */;
			buildPhases = (
				3F13351A1E7AEAE400748001 /* Sources */,
				3F13351B1E7AEAE400748001 /* Frameworks */,
				3F13351C1E7AEAE400748001 /* Resources */,
			);
			buildRules = (
			);
			dependencies = (
			);
			name = BreakoutProject;
			productName = BreakoutProject;
			productReference = 3F13351E1E7AEAE400748001 /* BreakoutProject.app */;
			productType = "com.apple.product-type.application";
		};
		3F1335371E7AEAE500748001 /* BreakoutProjectTests */ = {
			isa = PBXNativeTarget;
			buildConfigurationList = 3F13354F1E7AEAE500748001 /* Build configuration list for PBXNativeTarget "BreakoutProjectTests" */;
			buildPhases = (
				3F1335341E7AEAE500748001 /* Sources */,
				3F1335351E7AEAE500748001 /* Frameworks */,
				3F1335361E7AEAE500748001 /* Resources */,
			);
			buildRules = (
			);
			dependencies = (
				3F13353A1E7AEAE500748001 /* PBXTargetDependency */,
			);
			name = BreakoutProjectTests;
			productName = BreakoutProjectTests;
			productReference = 3F1335381E7AEAE500748001 /* BreakoutProjectTests.xctest */;
			productType = "com.apple.product-type.bundle.unit-test";
		};
		3F1335421E7AEAE500748001 /* BreakoutProjectUITests */ = {
			isa = PBXNativeTarget;
			buildConfigurationList = 3F1335521E7AEAE500748001 /* Build configuration list for PBXNativeTarget "BreakoutProjectUITests" */;
			buildPhases = (
				3F13353F1E7AEAE500748001 /* Sources */,
				3F1335401E7AEAE500748001 /* Frameworks */,
				3F1335411E7AEAE500748001 /* Resources */,
			);
			buildRules = (
			);
			dependencies = (
				3F1335451E7AEAE500748001 /* PBXTargetDependency */,
			);
			name = BreakoutProjectUITests;
			productName = BreakoutProjectUITests;
			productReference = 3F1335431E7AEAE500748001 /* BreakoutProjectUITests.xctest */;
			productType = "com.apple.product-type.bundle.ui-testing";
		};
/* End PBXNativeTarget section */

/* Begin PBXProject section */
		3F1335161E7AEAE400748001 /* Project object */ = {
			isa = PBXProject;
			attributes = {
				LastSwiftUpdateCheck = 0820;
				LastUpgradeCheck = 0820;
				ORGANIZATIONNAME = Srobinson1;
				TargetAttributes = {
					3F13351D1E7AEAE400748001 = {
						CreatedOnToolsVersion = 8.2.1;
						ProvisioningStyle = Automatic;
					};
					3F1335371E7AEAE500748001 = {
						CreatedOnToolsVersion = 8.2.1;
						ProvisioningStyle = Automatic;
						TestTargetID = 3F13351D1E7AEAE400748001;
					};
					3F1335421E7AEAE500748001 = {
						CreatedOnToolsVersion = 8.2.1;
						ProvisioningStyle = Automatic;
						TestTargetID = 3F13351D1E7AEAE400748001;
					};
				};
			};
			buildConfigurationList = 3F1335191E7AEAE400748001 /* Build configuration list for PBXProject "BreakoutProject" */;
			compatibilityVersion = "Xcode 3.2";
			developmentRegion = English;
			hasScannedForEncodings = 0;
			knownRegions = (
				en,
				Base,
			);
			mainGroup = 3F1335151E7AEAE400748001;
			productRefGroup = 3F13351F1E7AEAE500748001 /* Products */;
			projectDirPath = "";
			projectRoot = "";
			targets = (
				3F13351D1E7AEAE400748001 /* BreakoutProject */,
				3F1335371E7AEAE500748001 /* BreakoutProjectTests */,
				3F1335421E7AEAE500748001 /* BreakoutProjectUITests */,
			);
		};
/* End PBXProject section */

/* Begin PBXResourcesBuildPhase section */
		3F13351C1E7AEAE400748001 /* Resources */ = {
			isa = PBXResourcesBuildPhase;
			buildActionMask = 2147483647;
			files = (
				3F13352D1E7AEAE500748001 /* Main.storyboard in Resources */,
				3F1335241E7AEAE500748001 /* GameScene.sks in Resources */,
				3F13352F1E7AEAE500748001 /* Assets.xcassets in Resources */,
				3F1335321E7AEAE500748001 /* LaunchScreen.storyboard in Resources */,
				3F1335261E7AEAE500748001 /* Actions.sks in Resources */,
			);
			runOnlyForDeploymentPostprocessing = 0;
		};
		3F1335361E7AEAE500748001 /* Resources */ = {
			isa = PBXResourcesBuildPhase;
			buildActionMask = 2147483647;
			files = (
			);
			runOnlyForDeploymentPostprocessing = 0;
		};
		3F1335411E7AEAE500748001 /* Resources */ = {
			isa = PBXResourcesBuildPhase;
			buildActionMask = 2147483647;
			files = (
			);
			runOnlyForDeploymentPostprocessing = 0;
		};
/* End PBXResourcesBuildPhase section */

/* Begin PBXSourcesBuildPhase section */
		3F13351A1E7AEAE400748001 /* Sources */ = {
			isa = PBXSourcesBuildPhase;
			buildActionMask = 2147483647;
			files = (
				3F1335281E7AEAE500748001 /* GameScene.swift in Sources */,
				3F13352A1E7AEAE500748001 /* GameViewController.swift in Sources */,
				3F1335221E7AEAE500748001 /* AppDelegate.swift in Sources */,
			);
			runOnlyForDeploymentPostprocessing = 0;
		};
		3F1335341E7AEAE500748001 /* Sources */ = {
			isa = PBXSourcesBuildPhase;
			buildActionMask = 2147483647;
			files = (
				3F13353D1E7AEAE500748001 /* BreakoutProjectTests.swift in Sources */,
			);
			runOnlyForDeploymentPostprocessing = 0;
		};
		3F13353F1E7AEAE500748001 /* Sources */ = {
			isa = PBXSourcesBuildPhase;
			buildActionMask = 2147483647;
			files = (
				3F1335481E7AEAE500748001 /* BreakoutProjectUITests.swift in Sources */,
			);
			runOnlyForDeploymentPostprocessing = 0;
		};
/* End PBXSourcesBuildPhase section */

/* Begin PBXTargetDependency section */
		3F13353A1E7AEAE500748001 /* PBXTargetDependency */ = {
			isa = PBXTargetDependency;
			target = 3F13351D1E7AEAE400748001 /* BreakoutProject */;
			targetProxy = 3F1335391E7AEAE500748001 /* PBXContainerItemProxy */;
		};
		3F1335451E7AEAE500748001 /* PBXTargetDependency */ = {
			isa = PBXTargetDependency;
			target = 3F13351D1E7AEAE400748001 /* BreakoutProject */;
			targetProxy = 3F1335441E7AEAE500748001 /* PBXContainerItemProxy */;
		};
/* End PBXTargetDependency section */

/* Begin PBXVariantGroup section */
		3F13352B1E7AEAE500748001 /* Main.storyboard */ = {
			isa = PBXVariantGroup;
			children = (
				3F13352C1E7AEAE500748001 /* Base */,
			);
			name = Main.storyboard;
			sourceTree = "<group>";
		};
		3F1335301E7AEAE500748001 /* LaunchScreen.storyboard */ = {
			isa = PBXVariantGroup;
			children = (
				3F1335311E7AEAE500748001 /* Base */,
			);
			name = LaunchScreen.storyboard;
			sourceTree = "<group>";
		};
/* End PBXVariantGroup section */

/* Begin XCBuildConfiguration section */
		3F13354A1E7AEAE500748001 /* Debug */ = {
			isa = XCBuildConfiguration;
			buildSettings = {
				ALWAYS_SEARCH_USER_PATHS = NO;
				CLANG_ANALYZER_NONNULL = YES;
				CLANG_CXX_LANGUAGE_STANDARD = "gnu++0x";
				CLANG_CXX_LIBRARY = "libc++";
				CLANG_ENABLE_MODULES = YES;
				CLANG_ENABLE_OBJC_ARC = YES;
				CLANG_WARN_BOOL_CONVERSION = YES;
				CLANG_WARN_CONSTANT_CONVERSION = YES;
				CLANG_WARN_DIRECT_OBJC_ISA_USAGE = YES_ERROR;
				CLANG_WARN_DOCUMENTATION_COMMENTS = YES;
				CLANG_WARN_EMPTY_BODY = YES;
				CLANG_WARN_ENUM_CONVERSION = YES;
				CLANG_WARN_INFINITE_RECURSION = YES;
				CLANG_WARN_INT_CONVERSION = YES;
				CLANG_WARN_OBJC_ROOT_CLASS = YES_ERROR;
				CLANG_WARN_SUSPICIOUS_MOVE = YES;
				CLANG_WARN_UNREACHABLE_CODE = YES;
				CLANG_WARN__DUPLICATE_METHOD_MATCH = YES;
				"CODE_SIGN_IDENTITY[sdk=iphoneos*]" = "iPhone Developer";
				COPY_PHASE_STRIP = NO;
				DEBUG_INFORMATION_FORMAT = dwarf;
				ENABLE_STRICT_OBJC_MSGSEND = YES;
				ENABLE_TESTABILITY = YES;
				GCC_C_LANGUAGE_STANDARD = gnu99;
				GCC_DYNAMIC_NO_PIC = NO;
				GCC_NO_COMMON_BLOCKS = YES;
				GCC_OPTIMIZATION_LEVEL = 0;
				GCC_PREPROCESSOR_DEFINITIONS = (
					"DEBUG=1",
					"$(inherited)",
				);
				GCC_WARN_64_TO_32_BIT_CONVERSION = YES;
				GCC_WARN_ABOUT_RETURN_TYPE = YES_ERROR;
				GCC_WARN_UNDECLARED_SELECTOR = YES;
				GCC_WARN_UNINITIALIZED_AUTOS = YES_AGGRESSIVE;
				GCC_WARN_UNUSED_FUNCTION = YES;
				GCC_WARN_UNUSED_VARIABLE = YES;
				IPHONEOS_DEPLOYMENT_TARGET = 10.2;
				MTL_ENABLE_DEBUG_INFO = YES;
				ONLY_ACTIVE_ARCH = YES;
				SDKROOT = iphoneos;
				SWIFT_ACTIVE_COMPILATION_CONDITIONS = DEBUG;
				SWIFT_OPTIMIZATION_LEVEL = "-Onone";
				TARGETED_DEVICE_FAMILY = "1,2";
			};
			name = Debug;
		};
		3F13354B1E7AEAE500748001 /* Release */ = {
			isa = XCBuildConfiguration;
			buildSettings = {
				ALWAYS_SEARCH_USER_PATHS = NO;
				CLANG_ANALYZER_NONNULL = YES;
				CLANG_CXX_LANGUAGE_STANDARD = "gnu++0x";
				CLANG_CXX_LIBRARY = "libc++";
				CLANG_ENABLE_MODULES = YES;
				CLANG_ENABLE_OBJC_ARC = YES;
				CLANG_WARN_BOOL_CONVERSION = YES;
				CLANG_WARN_CONSTANT_CONVERSION = YES;
				CLANG_WARN_DIRECT_OBJC_ISA_USAGE = YES_ERROR;
				CLANG_WARN_DOCUMENTATION_COMMENTS = YES;
				CLANG_WARN_EMPTY_BODY = YES;
				CLANG_WARN_ENUM_CONVERSION = YES;
				CLANG_WARN_INFINITE_RECURSION = YES;
				CLANG_WARN_INT_CONVERSION = YES;
				CLANG_WARN_OBJC_ROOT_CLASS = YES_ERROR;
				CLANG_WARN_SUSPICIOUS_MOVE = YES;
				CLANG_WARN_UNREACHABLE_CODE = YES;
				CLANG_WARN__DUPLICATE_METHOD_MATCH = YES;
				"CODE_SIGN_IDENTITY[sdk=iphoneos*]" = "iPhone Developer";
				COPY_PHASE_STRIP = NO;
				DEBUG_INFORMATION_FORMAT = "dwarf-with-dsym";
				ENABLE_NS_ASSERTIONS = NO;
				ENABLE_STRICT_OBJC_MSGSEND = YES;
				GCC_C_LANGUAGE_STANDARD = gnu99;
				GCC_NO_COMMON_BLOCKS = YES;
				GCC_WARN_64_TO_32_BIT_CONVERSION = YES;
				GCC_WARN_ABOUT_RETURN_TYPE = YES_ERROR;
				GCC_WARN_UNDECLARED_SELECTOR = YES;
				GCC_WARN_UNINITIALIZED_AUTOS = YES_AGGRESSIVE;
				GCC_WARN_UNUSED_FUNCTION = YES;
				GCC_WARN_UNUSED_VARIABLE = YES;
				IPHONEOS_DEPLOYMENT_TARGET = 10.2;
				MTL_ENABLE_DEBUG_INFO = NO;
				SDKROOT = iphoneos;
				SWIFT_OPTIMIZATION_LEVEL = "-Owholemodule";
				TARGETED_DEVICE_FAMILY = "1,2";
				VALIDATE_PRODUCT = YES;
			};
			name = Release;
		};
		3F13354D1E7AEAE500748001 /* Debug */ = {
			isa = XCBuildConfiguration;
			buildSettings = {
				ASSETCATALOG_COMPILER_APPICON_NAME = AppIcon;
				INFOPLIST_FILE = BreakoutProject/Info.plist;
				LD_RUNPATH_SEARCH_PATHS = "$(inherited) @executable_path/Frameworks";
				PRODUCT_BUNDLE_IDENTIFIER = bhs.BreakoutProject;
				PRODUCT_NAME = "$(TARGET_NAME)";
				SWIFT_VERSION = 3.0;
			};
			name = Debug;
		};
		3F13354E1E7AEAE500748001 /* Release */ = {
			isa = XCBuildConfiguration;
			buildSettings = {
				ASSETCATALOG_COMPILER_APPICON_NAME = AppIcon;
				INFOPLIST_FILE = BreakoutProject/Info.plist;
				LD_RUNPATH_SEARCH_PATHS = "$(inherited) @executable_path/Frameworks";
				PRODUCT_BUNDLE_IDENTIFIER = bhs.BreakoutProject;
				PRODUCT_NAME = "$(TARGET_NAME)";
				SWIFT_VERSION = 3.0;
			};
			name = Release;
		};
		3F1335501E7AEAE500748001 /* Debug */ = {
			isa = XCBuildConfiguration;
			buildSettings = {
				ALWAYS_EMBED_SWIFT_STANDARD_LIBRARIES = YES;
				BUNDLE_LOADER = "$(TEST_HOST)";
				INFOPLIST_FILE = BreakoutProjectTests/Info.plist;
				LD_RUNPATH_SEARCH_PATHS = "$(inherited) @executable_path/Frameworks @loader_path/Frameworks";
				PRODUCT_BUNDLE_IDENTIFIER = bhs.BreakoutProjectTests;
				PRODUCT_NAME = "$(TARGET_NAME)";
				SWIFT_VERSION = 3.0;
				TEST_HOST = "$(BUILT_PRODUCTS_DIR)/BreakoutProject.app/BreakoutProject";
			};
			name = Debug;
		};
		3F1335511E7AEAE500748001 /* Release */ = {
			isa = XCBuildConfiguration;
			buildSettings = {
				ALWAYS_EMBED_SWIFT_STANDARD_LIBRARIES = YES;
				BUNDLE_LOADER = "$(TEST_HOST)";
				INFOPLIST_FILE = BreakoutProjectTests/Info.plist;
				LD_RUNPATH_SEARCH_PATHS = "$(inherited) @executable_path/Frameworks @loader_path/Frameworks";
				PRODUCT_BUNDLE_IDENTIFIER = bhs.BreakoutProjectTests;
				PRODUCT_NAME = "$(TARGET_NAME)";
				SWIFT_VERSION = 3.0;
				TEST_HOST = "$(BUILT_PRODUCTS_DIR)/BreakoutProject.app/BreakoutProject";
			};
			name = Release;
		};
		3F1335531E7AEAE500748001 /* Debug */ = {
			isa = XCBuildConfiguration;
			buildSettings = {
				ALWAYS_EMBED_SWIFT_STANDARD_LIBRARIES = YES;
				INFOPLIST_FILE = BreakoutProjectUITests/Info.plist;
				LD_RUNPATH_SEARCH_PATHS = "$(inherited) @executable_path/Frameworks @loader_path/Frameworks";
				PRODUCT_BUNDLE_IDENTIFIER = bhs.BreakoutProjectUITests;
				PRODUCT_NAME = "$(TARGET_NAME)";
				SWIFT_VERSION = 3.0;
				TEST_TARGET_NAME = BreakoutProject;
			};
			name = Debug;
		};
		3F1335541E7AEAE500748001 /* Release */ = {
			isa = XCBuildConfiguration;
			buildSettings = {
				ALWAYS_EMBED_SWIFT_STANDARD_LIBRARIES = YES;
				INFOPLIST_FILE = BreakoutProjectUITests/Info.plist;
				LD_RUNPATH_SEARCH_PATHS = "$(inherited) @executable_path/Frameworks @loader_path/Frameworks";
				PRODUCT_BUNDLE_IDENTIFIER = bhs.BreakoutProjectUITests;
				PRODUCT_NAME = "$(TARGET_NAME)";
				SWIFT_VERSION = 3.0;
				TEST_TARGET_NAME = BreakoutProject;
			};
			name = Release;
		};
/* End XCBuildConfiguration section */

/* Begin XCConfigurationList section */
		3F1335191E7AEAE400748001 /* Build configuration list for PBXProject "BreakoutProject" */ = {
			isa = XCConfigurationList;
			buildConfigurations = (
				3F13354A1E7AEAE500748001 /* Debug */,
				3F13354B1E7AEAE500748001 /* Release */,
			);
			defaultConfigurationIsVisible = 0;
			defaultConfigurationName = Release;
		};
		3F13354C1E7AEAE500748001 /* Build configuration list for PBXNativeTarget "BreakoutProject" */ = {
			isa = XCConfigurationList;
			buildConfigurations = (
				3F13354D1E7AEAE500748001 /* Debug */,
				3F13354E1E7AEAE500748001 /* Release */,
			);
			defaultConfigurationIsVisible = 0;
		};
		3F13354F1E7AEAE500748001 /* Build configuration list for PBXNativeTarget "BreakoutProjectTests" */ = {
			isa = XCConfigurationList;
			buildConfigurations = (
				3F1335501E7AEAE500748001 /* Debug */,
				3F1335511E7AEAE500748001 /* Release */,
			);
			defaultConfigurationIsVisible = 0;
		};
		3F1335521E7AEAE500748001 /* Build configuration list for PBXNativeTarget "BreakoutProjectUITests" */ = {
			isa = XCConfigurationList;
			buildConfigurations = (
				3F1335531E7AEAE500748001 /* Debug */,
				3F1335541E7AEAE500748001 /* Release */,
			);
			defaultConfigurationIsVisible = 0;
		};
/* End XCConfigurationList section */
	};
	rootObject = 3F1335161E7AEAE400748001 /* Project object */;
}
